{
  "name": "communication",
  "version": "1.0.0",
  "lockfileVersion": 3,
  "requires": true,
  "packages": {
    "": {
      "name": "communication",
      "version": "1.0.0",
      "license": "ISC",
      "dependencies": {
        "@colyseus/schema": "^2.0.36",
        "schema": "file:../schema"
      }
    },
    "../schema": {
      "version": "1.0.0",
      "license": "ISC",
      "dependencies": {
        "@colyseus/schema": "^2.0.36",
        "@paralleldrive/cuid2": "^2.2.2"
      },
      "devDependencies": {
        "colyseus": "^0.15.57",
        "typescript": "^5.0.4"
      }
    },
    "node_modules/@colyseus/schema": {
      "version": "2.0.36",
      "resolved": "https://registry.npmjs.org/@colyseus/schema/-/schema-2.0.36.tgz",
      "integrity": "sha512-v/rHN155kFLwCPPBi+HQlbYBqh6tH3IhSVARrkAd/PLylysugbXLm2fLpX4NlEcnCakMuenXSIbhMDPXc7/jUg==",
      "license": "MIT",
      "bin": {
        "schema-codegen": "bin/schema-codegen"
      }
    },
    "node_modules/schema": {
      "resolved": "../schema",
      "link": true
    }
  }
}
